
Microsoft Visual Studio Solution File, Format Version 12.00
# Visual Studio Version 16
VisualStudioVersion = 16.0.30503.244
MinimumVisualStudioVersion = 10.0.40219.1
Project("{9A19103F-16F7-4668-BE54-9A1E7A4F7556}") = "Hello WPF Core", "Hello WPF Core\Hello WPF Core.csproj", "{FF2382FA-9185-4DBD-AA11-C495E2DBDCD7}"
EndProject
Project("{FAE04EC0-301F-11D3-BF4B-00C04F79EFBC}") = "Hello WPF Framework", "Hello WPF Framework\Hello WPF Framework.csproj", "{04D203C5-A666-4F6E-9960-BC923F071FBE}"
EndProject
Project("{FAE04EC0-301F-11D3-BF4B-00C04F79EFBC}") = "Aufgabe 5", "Aufgabe 5\Aufgabe 5.csproj", "{75953614-A04A-4F00-B798-02AD0F89114B}"
EndProject
Global
	GlobalSection(SolutionConfigurationPlatforms) = preSolution
		Debug|Any CPU = Debug|Any CPU
		Release|Any CPU = Release|Any CPU
	EndGlobalSection
	GlobalSection(ProjectConfigurationPlatforms) = postSolution
		{FF2382FA-9185-4DBD-AA11-C495E2DBDCD7}.Debug|Any CPU.ActiveCfg = Debug|Any CPU
		{FF2382FA-9185-4DBD-AA11-C495E2DBDCD7}.Debug|Any CPU.Build.0 = Debug|Any CPU
		{FF2382FA-9185-4DBD-AA11-C495E2DBDCD7}.Release|Any CPU.ActiveCfg = Release|Any CPU
		{FF2382FA-9185-4DBD-AA11-C495E2DBDCD7}.Release|Any CPU.Build.0 = Release|Any CPU
		{04D203C5-A666-4F6E-9960-BC923F071FBE}.Debug|Any CPU.ActiveCfg = Debug|Any CPU
		{04D203C5-A666-4F6E-9960-BC923F071FBE}.Debug|Any CPU.Build.0 = Debug|Any CPU
		{04D203C5-A666-4F6E-9960-BC923F071FBE}.Release|Any CPU.ActiveCfg = Release|Any CPU
		{04D203C5-A666-4F6E-9960-BC923F071FBE}.Release|Any CPU.Build.0 = Release|Any CPU
		{75953614-A04A-4F00-B798-02AD0F89114B}.Debug|Any CPU.ActiveCfg = Debug|Any CPU
		{75953614-A04A-4F00-B798-02AD0F89114B}.Debug|Any CPU.Build.0 = Debug|Any CPU
		{75953614-A04A-4F00-B798-02AD0F89114B}.Release|Any CPU.ActiveCfg = Release|Any CPU
		{75953614-A04A-4F00-B798-02AD0F89114B}.Release|Any CPU.Build.0 = Release|Any CPU
	EndGlobalSection
	GlobalSection(SolutionProperties) = preSolution
		HideSolutionNode = FALSE
	EndGlobalSection
	GlobalSection(ExtensibilityGlobals) = postSolution
		SolutionGuid = {C95E300C-BF25-4475-A847-AB10493517FA}
	EndGlobalSection
EndGlobal
