
Microsoft Visual Studio Solution File, Format Version 12.00
# Visual Studio Version 16
VisualStudioVersion = 16.0.30503.244
MinimumVisualStudioVersion = 10.0.40219.1
Project("{9A19103F-16F7-4668-BE54-9A1E7A4F7556}") = "Aufgabe 2", "Aufgabe 2\Aufgabe 2.csproj", "{1C05DDCF-9CF2-4EED-B980-38D530778115}"
EndProject
Project("{FAE04EC0-301F-11D3-BF4B-00C04F79EFBC}") = "Aufgabe 1", "Aufgabe 1\Aufgabe 1.csproj", "{1945749D-BCDC-4B19-83CF-F42926C5373C}"
EndProject
Global
	GlobalSection(SolutionConfigurationPlatforms) = preSolution
		Debug|Any CPU = Debug|Any CPU
		Release|Any CPU = Release|Any CPU
	EndGlobalSection
	GlobalSection(ProjectConfigurationPlatforms) = postSolution
		{1C05DDCF-9CF2-4EED-B980-38D530778115}.Debug|Any CPU.ActiveCfg = Debug|Any CPU
		{1C05DDCF-9CF2-4EED-B980-38D530778115}.Debug|Any CPU.Build.0 = Debug|Any CPU
		{1C05DDCF-9CF2-4EED-B980-38D530778115}.Release|Any CPU.ActiveCfg = Release|Any CPU
		{1C05DDCF-9CF2-4EED-B980-38D530778115}.Release|Any CPU.Build.0 = Release|Any CPU
		{1945749D-BCDC-4B19-83CF-F42926C5373C}.Debug|Any CPU.ActiveCfg = Debug|Any CPU
		{1945749D-BCDC-4B19-83CF-F42926C5373C}.Debug|Any CPU.Build.0 = Debug|Any CPU
		{1945749D-BCDC-4B19-83CF-F42926C5373C}.Release|Any CPU.ActiveCfg = Release|Any CPU
		{1945749D-BCDC-4B19-83CF-F42926C5373C}.Release|Any CPU.Build.0 = Release|Any CPU
	EndGlobalSection
	GlobalSection(SolutionProperties) = preSolution
		HideSolutionNode = FALSE
	EndGlobalSection
	GlobalSection(ExtensibilityGlobals) = postSolution
		SolutionGuid = {73981BA4-357E-4D95-9594-07AD2E9D4EE5}
	EndGlobalSection
EndGlobal
